version = 1
revision = 3
requires-python = ">=3.13"

[manifest]
members = [
    "desigram-common",
    "desigram-python",
    "telegram-service",
]

[[package]]
name = "click"
version = "8.5.0"
source = { registry = "https://pypi.org/simple" }
sdist = { url = "https://files.pythonhosted.org/packages/c7/0e/7fa0ef50764b67090eca4114772a2abf8b6148198475e54c660b97caeee6/click-8.5.0.tar.gz", hash = "sha256:ba0d2089de75ea0310e2dde03160e6ca10009947fb95a182f9b54021bb272e34", size = 382235, upload-time = "2026-08-26T13:33:14.56Z" }
wheels = [
    { url = "https://files.pythonhosted.org/packages/58/50/6c0d534c5f134586a8e1ba4e330569e32f057e33372ae556463212fb4cd3/click-8.5.0-py3-none-any.whl", hash = "sha256:255bc9599cf7748b4b1a446ccc735421bd08a2ae529a8b88597d3de5664ee360", size = 125251, upload-time = "2026-08-26T13:33:12.928Z" },
]

[[package]]
name = "colorama"
version = "0.4.6"
source = { registry = "https://pypi.org/simple" }
sdist = { url = "https://files.pythonhosted.org/packages/d8/53/6f443c9a4a8358a93a6792e2acffb9d9d5cb0a5cfd8802644b7b1c9a02e4/colorama-0.4.6.tar.gz", hash = "sha256:08695f5cb7ed6e0531a20572697297273c47b8cae5a63ffc6d6ed5c201be6e44", size = 27697, upload-time = "2022-10-25T02:36:22.414Z" }
wheels = [
    { url = "https://files.pythonhosted.org/packages/d1/d6/3965ed04c63042e047cb6a3e6ed1a63a35087b6a609aa3a15ed8ac56c221/colorama-0.4.6-py2.py3-none-any.whl", hash = "sha256:4f1d9991f5acc0ca119f9d443620b77f9d6b33703e51011c16baf57afb285fc6", size = 25335, upload-time = "2022-10-25T02:36:20.889Z" },
]

[[package]]
name = "desigram-common"
version = "0.1.0"
source = { editable = "common" }
dependencies = [
    { name = "grpcio" },
    { name = "grpcio-health-checking" },
    { name = "grpcio-reflection" },
    { name = "protobuf" },
]

[package.metadata]
requires-dist = [
    { name = "grpcio", specifier = ">=1.75" },
    { name = "grpcio-health-checking", specifier = ">=1.75" },
    { name = "grpcio-reflection", specifier = ">=1.75" },
    { name = "protobuf", specifier = ">=6.31" },
]

[[package]]
name = "desigram-python"
version = "0.1.0"
source = { virtual = "." }

[package.dev-dependencies]
dev = [
    { name = "import-linter" },
    { name = "pytest" },
    { name = "ruff" },
]

[package.metadata]

[package.metadata.requires-dev]
dev = [
    { name = "import-linter", specifier = ">=2.3" },
    { name = "pytest", specifier = ">=8.3" },
    { name = "ruff", specifier = ">=0.13" },
]

[[package]]
name = "grimp"
version = "3.17"
source = { registry = "https://pypi.org/simple" }
sdist = { url = "https://files.pythonhosted.org/packages/ad/2e/95736b7c984705ff5ee376f07c6e71bb80fcbb22c8fa3b8c1cfbfa919d5c/grimp-3.17.tar.gz", hash = "sha256:5161e03c6f518fe4da43b06c97ff49a1e224ecb0e4b9fd6ef48235373d1b7b33", size = 832923, upload-time = "2026-09-04T11:28:54.609Z" }
wheels = [
    { url = "https://files.pythonhosted.org/packages/10/7a/b1c76982a239347bfccd2ae95b9f79d3390cd14170f62e7eb822a17d786d/grimp-3.17-cp313-cp313-macosx_10_12_x86_64.whl", hash = "sha256:eb8f09da4302f05fc92fe7564f27731c0b43789d8893ae5e6be5df2b01668923", size = 2145452, upload-time = "2026-09-04T11:28:12.121Z" },
    { url = "https://files.pythonhosted.org/packages/cb/ab/2a1a9574b391c0ee62cb33a633c0d377dce1b7d19d04a7ac5d5e6872d395/grimp-3.17-cp313-cp313-macosx_11_0_arm64.whl", hash = "sha256:0f11566bcf388db4c79f1c7f1051f6ef150f778306350bb7d86d0c9aab32d297", size = 2091654, upload-time = "2026-09-04T11:28:04.635Z" },
    { url = "https://files.pythonhosted.org/packages/e6/12/7dc086132ac10a2409f158f0b0d7cc528a2ebe0a4e95bca895afe7452fa6/grimp-3.17-cp313-cp313-manylinux_2_17_aarch64.manylinux2014_aarch64.whl", hash = "sha256:bfda3e2ebb4e51beec4a3cb09bb771440f3192163107d9320e6d9ce8fe064e64", size = 2277300, upload-time = "2026-09-04T11:27:01.844Z" },
    { url = "https://files.pythonhosted.org/packages/5b/62/2e16a54580fa76fb7e64e8e8e2ebb899c709a764cb29149a88eb03f2eea7/grimp-3.17-cp313-cp313-manylinux_2_17_armv7l.manylinux2014_armv7l.whl", hash = "sha256:b0ab1ab71d807fc6f56d82f1ab24acf2f2e0e5000e37b5540af9449e28c6830c", size = 2220417, upload-time = "2026-09-04T11:27:11.418Z" },
    { url = "https://files.pythonhosted.org/packages/73/c0/e1b0ad0d0b3d9dff996bad306542f3cf000cb86c368bfe3ac6a8bb1e2e2f/grimp-3.17-cp313-cp313-manylinux_2_17_i686.manylinux2014_i686.whl", hash = "sha256:187b092664e882d10b9f2c3da99251d0aeb99186d407ed5d20f52005832045f6", size = 2370754, upload-time = "2026-09-04T11:27:39.995Z" },
    { url = "https://files.pythonhosted.org/packages/36/0f/015e48ad8029f788eaa3df71b66859b2b5dc63abb8d7a2014a2b5a581040/grimp-3.17-cp313-cp313-manylinux_2_17_ppc64le.manylinux2014_ppc64le.whl", hash = "sha256:75da770aeee97d26b202d7251fe7f6562e7f2793e348501b0a64ca5c50e881b5", size = 2628257, upload-time = "2026-09-04T11:27:20.491Z" },
    { url = "https://files.pythonhosted.org/packages/eb/d3/66da78504a1731237ed8befd9c66fb91037a7b82816443ca772107acf8fe/grimp-3.17-cp313-cp313-manylinux_2_17_s390x.manylinux2014_s390x.whl", hash = "sha256:f5cc64f891f71f538d3d032d6e7193f69c3a2e0ceac72c55114faee5aa161f9f", size = 2347569, upload-time = "2026-09-04T11:27:30.282Z" },
    { url = "https://files.pythonhosted.org/packages/cb/a2/6474d008fa49cc650d626798cb3b6e3fa7b0daaad24884fd6bb4288f6154/grimp-3.17-cp313-cp313-manylinux_2_17_x86_64.manylinux2014_x86_64.whl", hash = "sha256:6dbf2d93b0ba7f6c1efba9f5b3e07a3da0a157392c650316a5c1478b0ef7e503", size = 2284227, upload-time = "2026-09-04T11:27:52.462Z" },
    { url = "https://files.pythonhosted.org/packages/c5/b5/91cd378c08494fd0130e5cc2e54d60d12f53b21850e0dbccf668b6e73d91/grimp-3.17-cp313-cp313-musllinux_1_2_aarch64.whl", hash = "sha256:7a22b5dcbf55f1c348885e09cbe91e63baedf6ce0f89c60bb01a0475c7d0a90b", size = 2454655, upload-time = "2026-09-04T11:28:19.837Z" },
    { url = "https://files.pythonhosted.org/packages/f1/d0/b582238247ce51857c7ac770c3be10203c992696f3dc9153f1a979c011dc/grimp-3.17-cp313-cp313-musllinux_1_2_armv7l.whl", hash = "sha256:73aa9459a604554b1dc1618148312036679f3974bf8b0285588220307147060b", size = 2495852, upload-time = "2026-09-04T11:28:29.606Z" },
    { url = "https://files.pythonhosted.org/packages/8f/99/e0690b02be70f346aadfe2aa8bd7e496c773298ac58c0d0fa6376c1298b2/grimp-3.17-cp313-cp313-musllinux_1_2_i686.whl", hash = "sha256:c31660d30e79569faac05033637c1eef4595542f44ec2323af54e900030164a6", size = 2527887, upload-time = "2026-09-04T11:28:38.828Z" },
    { url = "https://files.pythonhosted.org/packages/69/7a/33e41d9b08e63cf398d8194a9208b21788c76916b5ac6d90146e8e2ebf95/grimp-3.17-cp313-cp313-musllinux_1_2_x86_64.whl", hash = "sha256:8f395c5ab2cf554504f46680b9269b769939ab5d7ea58f93e5c341e55b1affbd", size = 2539000, upload-time = "2026-09-04T11:28:49.037Z" },
    { url = "https://files.pythonhosted.org/packages/69/f5/7af1dd74b9608a85274414fc423a7162844492b198ece3fe31f4e1f88237/grimp-3.17-cp313-cp313-win32.whl", hash = "sha256:34369739ed293accbb674494ae932351516b316e8e85d1d333d4c51796af846a", size = 1874244, upload-time = "2026-09-04T11:29:21.693Z" },
    { url = "https://files.pythonhosted.org/packages/8b/d4/af497adddfcf11f9bd4ab273625a49022bf5ba4f5fc389589f4e6edc67b9/grimp-3.17-cp313-cp313-win_amd64.whl", hash = "sha256:d21b859c50418bdb48b403a84450650fa7aab3102f3212d00d3c21c76a982167", size = 1998225, upload-time = "2026-09-04T11:29:10.5Z" },
    { url = "https://files.pythonhosted.org/packages/e2/2a/07fd537997281049af2390fc8641de5ae063ae4972cb6fcec85873674595/grimp-3.17-cp313-cp313-win_arm64.whl", hash = "sha256:206cd9f7c757b97934f48ba2b8ec6d649725fd6314d6b182dd327b19b4f35707", size = 1922071, upload-time = "2026-09-04T11:28:58.34Z" },
    { url = "https://files.pythonhosted.org/packages/39/e0/e11ea5aeb62534c9706e17952d142aa844ce5659e2d66b4b8ba9377407d6/grimp-3.17-cp314-cp314-macosx_10_12_x86_64.whl", hash = "sha256:0100ff6f08067c8eb8a77dd1433af5e173aea8dbf6a6b76f5372a3b49f2e0a43", size = 2161696, upload-time = "2026-09-11T10:36:49.104Z" },
    { url = "https://files.pythonhosted.org/packages/4b/d6/ddf82f4428d8bdc54ced0db244cbf5d8e5638490c3ed6a8b9f5db55dfa51/grimp-3.17-cp314-cp314-macosx_11_0_arm64.whl", hash = "sha256:67ada40a5c1cf4321183c0b0cd0393658ccd04b845caed002ac81dc2fdef828e", size = 2107301, upload-time = "2026-09-11T10:36:46.459Z" },
    { url = "https://files.pythonhosted.org/packages/86/1a/1dd0d9d2751e8078547e1cb7131e13d9624a2ea60700d926b3d624c15825/grimp-3.17-cp314-cp314-manylinux_2_17_aarch64.manylinux2014_aarch64.whl", hash = "sha256:baa385915a4c17948bfb25f77509cbbfb33795f321d1c5ca7cc602e34ed58e99", size = 2278433, upload-time = "2026-09-04T11:27:03.075Z" },
    { url = "https://files.pythonhosted.org/packages/58/71/3768fd253e7455a83d668193055691c82d3a4d434047116c572a27d2bd39/grimp-3.17-cp314-cp314-manylinux_2_17_armv7l.manylinux2014_armv7l.whl", hash = "sha256:8322a435b5ee97ff3db823df36cbefea569faec505cc0ca66223c27b4b44cca6", size = 2221152, upload-time = "2026-09-04T11:27:12.642Z" },
    { url = "https://files.pythonhosted.org/packages/b4/4f/907a130e87554d57be14c2a7cedeb818d0ef519064877297d19636735f6b/grimp-3.17-cp314-cp314-manylinux_2_17_i686.manylinux2014_i686.whl", hash = "sha256:cb953c21beb6ac85a59b5b54128be7fdddd89396d34b3c5705cf59829a85b431", size = 2371546, upload-time = "2026-09-04T11:27:41.195Z" },
    { url = "https://files.pythonhosted.org/packages/7e/4f/a3bf534aa7c582a47d8cfefab5fccb50e6f4dcd327ed6a8552d344a04ffe/grimp-3.17-cp314-cp314-manylinux_2_17_ppc64le.manylinux2014_ppc64le.whl", hash = "sha256:c34b904c25359f98e3f20771256d62329ed17f1e26a254a4f5c74bacc1f3bd21", size = 2628467, upload-time = "2026-09-04T11:27:21.818Z" },
    { url = "https://files.pythonhosted.org/packages/32/d3/2b2ab7b3a4e2c17bb1e10ec37e7ee8eecce7f72b1bf6c8019dd439943884/grimp-3.17-cp314-cp314-manylinux_2_17_s390x.manylinux2014_s390x.whl", hash = "sha256:f69ce8be301299f15ca99843e89991c240a231836cf45a11c6bfc54fb9fbeaa9", size = 2347520, upload-time = "2026-09-04T11:27:31.73Z" },
    { url = "https://files.pythonhosted.org/packages/72/da/6bc1f783a739afa51ffa2e235791487b5d09202501b25843ecae9833a3ff/grimp-3.17-cp314-cp314-manylinux_2_17_x86_64.manylinux2014_x86_64.whl", hash = "sha256:566411d1ac97e1f3a3f00a13ae33aebb9abda9787d3d9914f62f73b589d84fe2", size = 2284007, upload-time = "2026-09-04T11:27:53.889Z" },
    { url = "https://files.pythonhosted.org/packages/63/06/a08f1b16aec11f32bbc86f60e24986659ab4cfab79388c8d4b79f6a6723e/grimp-3.17-cp314-cp314-musllinux_1_2_aarch64.whl", hash = "sha256:5f89948029f3c7339a20bab007977194d3dbdddb27edae5c74b948d8f13191c7", size = 2455301, upload-time = "2026-09-04T11:28:21.177Z" },
    { url = "https://files.pythonhosted.org/packages/ff/c1/d55e9686f3797d1a2c6403d2ffec3020c67591c004304a414fe8d7a9755c/grimp-3.17-cp314-cp314-musllinux_1_2_armv7l.whl", hash = "sha256:5a895bc27105ada9b0e76a80bf9cc898409e5cc3689e73e64ca1cbd71dc87dce", size = 2497158, upload-time = "2026-09-04T11:28:30.984Z" },
    { url = "https://files.pythonhosted.org/packages/7f/85/a2d2e70c4f272752c395cc35b3732d82ff92c55e229d7bbd6777fd9868ff/grimp-3.17-cp314-cp314-musllinux_1_2_i686.whl", hash = "sha256:e80b57a7d03f53e96eb0a5b0844340f99f17eede184042fb73e3ef010176ab35", size = 2528862, upload-time = "2026-09-04T11:28:40.251Z" },
    { url = "https://files.pythonhosted.org/packages/cb/03/fc3a58d9b22b011c1c3377c1ecee127a5f642de9b20de32d3ad7213ab71a/grimp-3.17-cp314-cp314-musllinux_1_2_x86_64.whl", hash = "sha256:5c0cac76283679fe9c1fd761e63deb9bbc7ba46b32988113ecef4b13742f31b9", size = 2538240, upload-time = "2026-09-04T11:28:50.248Z" },
    { url = "https://files.pythonhosted.org/packages/58/13/d7666cf03c79c275020bad40ea1df8597af7877083ef5a84b5d8b566029a/grimp-3.17-cp314-cp314-win32.whl", hash = "sha256:c8982f4fa1276e059665947156740a55a4e8e6b5a4d7f40730a7511afb608762", size = 1874930, upload-time = "2026-09-04T11:29:23.152Z" },
    { url = "https://files.pythonhosted.org/packages/59/ce/abb9ccb50972351461065ca72cd0f528837a2f398621147dfaf1013698f0/grimp-3.17-cp314-cp314-win_amd64.whl", hash = "sha256:0b97dc29bdca523932bbbcb425fc3df3547cf970396b293bfa960b910f3932d1", size = 1999405, upload-time = "2026-09-04T11:29:11.832Z" },
    { url = "https://files.pythonhosted.org/packages/9f/1d/93c12ff4ce9ede9f91aa03df66128d223a4c824a13de6ab702c973fcae0d/grimp-3.17-cp314-cp314-win_arm64.whl", hash = "sha256:80b5b25b8d8ed6cc68dc39ae9e4c2fb64acd1a3e66434d9cf4d68c72e46d505d", size = 1923324, upload-time = "2026-09-04T11:29:00.004Z" },
    { url = "https://files.pythonhosted.org/packages/d2/59/f94dd90757a2195415736f0e2be667ac4cd375fe86d875d4298661751fce/grimp-3.17-cp314-cp314t-macosx_10_12_x86_64.whl", hash = "sha256:e15340ee11e34bfaaee496cff53f8287dc9f417a94e5bdf3d6b4204305d004cc", size = 2145199, upload-time = "2026-09-04T11:28:13.287Z" },
    { url = "https://files.pythonhosted.org/packages/ce/83/9d7cb22fc136ad6a61bff3b74cf0b31b13fdf94e224d46ff1edd9b5b8c86/grimp-3.17-cp314-cp314t-macosx_11_0_arm64.whl", hash = "sha256:cbccf2a6cd3f89bfdfd683d9b000bd61f6936e16b6d4d6619da592c54f79f272", size = 2090761, upload-time = "2026-09-04T11:28:05.984Z" },
    { url = "https://files.pythonhosted.org/packages/e2/6b/b70add79e9e315d111bb1643b44e1b9e1ded82888856e1ad68bc484cd635/grimp-3.17-cp314-cp314t-manylinux_2_17_aarch64.manylinux2014_aarch64.whl", hash = "sha256:5332893955688759a9f7868c3c9e56b19bc1694ee251852d3daf54876b35c115", size = 2279005, upload-time = "2026-09-04T11:27:04.543Z" },
    { url = "https://files.pythonhosted.org/packages/d3/4c/f5f001e592f8e8820086604db98373ca129e2831facad81ec0d1820a749f/grimp-3.17-cp314-cp314t-manylinux_2_17_armv7l.manylinux2014_armv7l.whl", hash = "sha256:848a92d8a63a38d79c89ab1e68fb5429d90079f39c07533ffd45ce756e7f210f", size = 2220430, upload-time = "2026-09-04T11:27:13.814Z" },
    { url = "https://files.pythonhosted.org/packages/83/13/cc57724307c22060e193a1dc9bc99fa14d46584c534a3936319ec579c599/grimp-3.17-cp314-cp314t-manylinux_2_17_i686.manylinux2014_i686.whl", hash = "sha256:c89cfe49f822a2cc9c42cc7b0f3975ecb1281970735ea31610bfa06a7e04c460", size = 2370318, upload-time = "2026-09-04T11:27:42.535Z" },
    { url = "https://files.pythonhosted.org/packages/50/1b/05d9964d4b47ffe0ef826bfe04b3f4b713fd623c90e424ff002cb0d8a917/grimp-3.17-cp314-cp314t-manylinux_2_17_ppc64le.manylinux2014_ppc64le.whl", hash = "sha256:541c9a2b7f1ad5d4f5d1597740e51058fba8ca0c1a225d6ccc6d11a8364fa563", size = 2629127, upload-time = "2026-09-04T11:27:23.18Z" },
    { url = "https://files.pythonhosted.org/packages/ce/ea/186a3087623f1556eb8b9d02baa00300003bb84b7b35677e3fcec34691b6/grimp-3.17-cp314-cp314t-manylinux_2_17_s390x.manylinux2014_s390x.whl", hash = "sha256:66b4a13edb3fe63be6f7dbbc2576786f501af9d386a5a1f60b2938f270aef97c", size = 2348453, upload-time = "2026-09-04T11:27:32.964Z" },
    { url = "https://files.pythonhosted.org/packages/e8/6c/a718328adc50529135510b515c5ff1d9f94ab26ab8df9057bb1ef5ab8993/grimp-3.17-cp314-cp314t-manylinux_2_17_x86_64.manylinux2014_x86_64.whl", hash = "sha256:160abad142e168545be8d4cc91b2a95b4565f7571fc56f7fced69ce3589e5111", size = 2287338, upload-time = "2026-09-04T11:27:55.16Z" },
    { url = "https://files.pythonhosted.org/packages/ea/ed/bf67bc6749abee0a1e97f8f14ee2cb19ccc435b306e22bcaac6118d402a4/grimp-3.17-cp314-cp314t-musllinux_1_2_aarch64.whl", hash = "sha256:cd76fb13a534209c1777c807092f51b1570854eb49948d65cd5e1d94d80e981d", size = 2455299, upload-time = "2026-09-04T11:28:22.505Z" },
    { url = "https://files.pythonhosted.org/packages/83/8a/6c954092306e21c93c744432c3d47491c3264d3cc4b465941de5164a1cb3/grimp-3.17-cp314-cp314t-musllinux_1_2_armv7l.whl", hash = "sha256:1688e2dbe382b6644ecc3f55053e319de70034d9dfe0809d21d441a590c320e6", size = 2496813, upload-time = "2026-09-04T11:28:32.303Z" },
    { url = "https://files.pythonhosted.org/packages/ea/a8/cf0aa245ace55dd2f6bdd3bb646ec50c294bdfe623fd51327bd27efaa585/grimp-3.17-cp314-cp314t-musllinux_1_2_i686.whl", hash = "sha256:0433d177f327c31410f21845322282c832d887f1a42cbdfa176133d8422d84b2", size = 2527052, upload-time = "2026-09-04T11:28:41.869Z" },
    { url = "https://files.pythonhosted.org/packages/75/b8/90cd11e346f12fb5269ff050ae825083410d3bdb54d82a3b8e955e4f9d26/grimp-3.17-cp314-cp314t-musllinux_1_2_x86_64.whl", hash = "sha256:790d68157e034e7848257ef46b37550040c9e4692cea17372d3d9f87cef1d84b", size = 2541238, upload-time = "2026-09-04T11:28:51.786Z" },
    { url = "https://files.pythonhosted.org/packages/48/92/10cc37db6149030c8cfc80fa5287f739c1e9620c8a05d1ba8dfdfc0a6c4f/grimp-3.17-cp314-cp314t-win32.whl", hash = "sha256:37e6333ca54d4d80b5c4f2eae324774b223dbdc65994dc9bccda2985a9261dd8", size = 1872673, upload-time = "2026-09-04T11:29:24.514Z" },
    { url = "https://files.pythonhosted.org/packages/ac/cc/b257d8da079a87e65d0f1b0e004fd50f31ba25e7136a3b36f896e0e338f8/grimp-3.17-cp314-cp314t-win_amd64.whl", hash = "sha256:91e4bbbed4d934369b83071380e1ad5f37b7f5c80b80ffa924627db8d66fea11", size = 2000197, upload-time = "2026-09-04T11:29:13.138Z" },
    { url = "https://files.pythonhosted.org/packages/29/d0/feebddf766448932f2f1e40324fe75cf50ce6d3a21bdf87fc0eae263218a/grimp-3.17-cp314-cp314t-win_arm64.whl", hash = "sha256:28ae2ff57a9ef535c2e7054dcb18baf0cdc2dee3982367512bff34eaecb85cf0", size = 1920856, upload-time = "2026-09-04T11:29:01.498Z" },
    { url = "https://files.pythonhosted.org/packages/83/39/bb07084f0b97da66b0aa38077bd656c4f831b4aa3f167b1c060f6a65ea5e/grimp-3.17-cp315-cp315-manylinux_2_17_i686.manylinux2014_i686.whl", hash = "sha256:fe3e2285a2bd4e62ddb8825de37152d2dc842394d419786d3d5a803b07bb84eb", size = 2372594, upload-time = "2026-09-04T11:27:43.884Z" },
    { url = "https://files.pythonhosted.org/packages/e6/a9/905a484659749f40ed797963147202cb74c3b68d8e90a7a600af55de47ee/grimp-3.17-cp315-cp315-manylinux_2_17_x86_64.manylinux2014_x86_64.whl", hash = "sha256:a377d5935ae9a62ccbb59e492e16624cec97cc7244c4a964b0c6f83940440626", size = 2284577, upload-time = "2026-09-04T11:27:56.428Z" },
    { url = "https://files.pythonhosted.org/packages/30/6a/40fb12b111c95b94db4930f35661a629532d9d12fb484db5b5ef1a6c3da3/grimp-3.17-cp315-cp315-win32.whl", hash = "sha256:65a1dc2741bef8a96ff3ff71252db8e99eac2a32e09d5e2b63597474706186ca", size = 1876437, upload-time = "2026-09-04T11:29:25.725Z" },
    { url = "https://files.pythonhosted.org/packages/71/98/79af8d51961611e13b3dabc7a3b356b27aa696e5549bb439f1d6002be31a/grimp-3.17-cp315-cp315-win_amd64.whl", hash = "sha256:d20fbe5aab8b013b351313f8eaa3a46f4ac57677e357cb1c3d1012c606b565b4", size = 1999947, upload-time = "2026-09-04T11:29:14.623Z" },
    { url = "https://files.pythonhosted.org/packages/96/d6/e1922c4c7e001210f98e0cf89bd76fea8564f590be3e9ccfe99435cfcd59/grimp-3.17-cp315-cp315-win_arm64.whl", hash = "sha256:a0288dc0e8947dead5c02a246e16f3f5e5cb486348171bdf1289885a13de36c1", size = 1923774, upload-time = "2026-09-04T11:29:02.897Z" },
    { url = "https://files.pythonhosted.org/packages/85/f6/f4f84e44a9237350c41e7c77343498cb1ad843491c18f29d6811021c617d/grimp-3.17-cp315-cp315t-macosx_10_12_x86_64.whl", hash = "sha256:1bf67cb05a80796be99d1bf87e12d4421de101950c5246a8220b6c839cbf27c2", size = 2145245, upload-time = "2026-09-04T11:28:14.537Z" },
    { url = "https://files.pythonhosted.org/packages/71/98/822287270c41360f66c4b5638e040afc6bbf11e9f04cf5005bbd5f3e4830/grimp-3.17-cp315-cp315t-macosx_11_0_arm64.whl", hash = "sha256:d058fdb980475eb9e0143792d63757ddff86c5776e792866e8208cfe5e8413f9", size = 2090367, upload-time = "2026-09-04T11:28:07.277Z" },
    { url = "https://files.pythonhosted.org/packages/ac/76/32d303603157a0d98cb8bde8757e6ae8fa02d41f1d62cdf843fb2e7fe727/grimp-3.17-cp315-cp315t-manylinux_2_17_i686.manylinux2014_i686.whl", hash = "sha256:92f1989ce9f9ce26b7d45381df164c62aff783add84cd7a4216a6ebba0f9f03a", size = 2371543, upload-time = "2026-09-04T11:27:45.108Z" },
    { url = "https://files.pythonhosted.org/packages/7b/68/4551e23ab9422e2ead806c1fec9f4b3acd21a267e43bfe8e8cd7f4640dce/grimp-3.17-cp315-cp315t-manylinux_2_17_x86_64.manylinux2014_x86_64.whl", hash = "sha256:7e275cee07826cf36db1914427e68afac87588f759e1dec676870234d4a250ae", size = 2288003, upload-time = "2026-09-04T11:27:57.605Z" },
    { url = "https://files.pythonhosted.org/packages/20/64/79161f05c900f7f7f1b0acd22a730b1be9f96680dd44efeef90aa45e6998/grimp-3.17-cp315-cp315t-win32.whl", hash = "sha256:a7235ccffb0350647ae2b01969f552a9859fea7027032f6cfed110801269a439", size = 1873249, upload-time = "2026-09-04T11:29:27.094Z" },
    { url = "https://files.pythonhosted.org/packages/94/b7/6f9cdeba2c1263fb91b791ddd5e924d6c91c2485f4f16b56698802fdd540/grimp-3.17-cp315-cp315t-win_amd64.whl", hash = "sha256:473d0e0c016ca429b9ec17f34d276db454ba4d467e3c915a46279d86ab004716", size = 2000579, upload-time = "2026-09-04T11:29:15.961Z" },
    { url = "https://files.pythonhosted.org/packages/ac/16/8ae9028f046bf8f48cc13f6de2de40adbcbf38fa79a3a5f265753b248da0/grimp-3.17-cp315-cp315t-win_arm64.whl", hash = "sha256:478aa0b696e5dd79373943e75b998fbb4ef3d146f24fe3569fa9d106ce84991b", size = 1921829, upload-time = "2026-09-04T11:29:04.403Z" },
]

[[package]]
name = "grpcio"
version = "1.84.0"
source = { registry = "https://pypi.org/simple" }
dependencies = [
    { name = "typing-extensions" },
]
sdist = { url = "https://files.pythonhosted.org/packages/3f/4f/4435c0aae54657258d9cfcba78598f3d9e5fe4c82ff18d78558567b90faf/grpcio-1.84.0.tar.gz", hash = "sha256:19aaf172fc2edbefccce3f6e92c5150975dbe56c45744e9e87cf72ebdf85bfbe", size = 13493876, upload-time = "2026-09-14T06:59:33.291Z" }
wheels = [
    { url = "https://files.pythonhosted.org/packages/5d/51/40f99701adb01d4e5316a2aaf13838da1a24d5c879cd8c95156d7c364454/grpcio-1.84.0-cp313-cp313-linux_armv7l.whl", hash = "sha256:209414080da8c20af94df1395b635da52dd57b5edc9e917e1deca0dc1c4bb55e", size = 6427619, upload-time = "2026-09-14T06:58:06.025Z" },
    { url = "https://files.pythonhosted.org/packages/c5/4b/ed8e22a1237e6b2be6ef4f221d074a5b0e0dd8a0da8c944c04aea731f0eb/grpcio-1.84.0-cp313-cp313-macosx_11_0_universal2.whl", hash = "sha256:e41c3993eee896c617dbd8a505085d28b6e84a0445ed9a1f40f95808473cf678", size = 12336549, upload-time = "2026-09-14T06:58:08.583Z" },
    { url = "https://files.pythonhosted.org/packages/d3/50/00165b05cd73f45996748ea67ce9e55d08936f2fea94a7fd8541cc2d0e54/grpcio-1.84.0-cp313-cp313-manylinux2014_aarch64.manylinux_2_17_aarch64.whl", hash = "sha256:fff5ef3fe1bba7d6147e5f19e01e5e122ac2c076486887ddcb8d42e663400fbe", size = 6989458, upload-time = "2026-09-14T06:58:11.884Z" },
    { url = "https://files.pythonhosted.org/packages/26/38/d0486230e684d916f97429a53041db88410e662a38f2a8d09e2d90375840/grpcio-1.84.0-cp313-cp313-manylinux2014_i686.manylinux_2_17_i686.whl", hash = "sha256:b8c62888c3e49debf37ad9773e3c02f77b0c1e811f8fb0962f2b6c3bbab5b97a", size = 7757778, upload-time = "2026-09-14T06:58:14.849Z" },
    { url = "https://files.pythonhosted.org/packages/da/56/548a643decb059ca244499c675ae2c13a15f523ba94592c2774bd80a13c1/grpcio-1.84.0-cp313-cp313-manylinux2014_x86_64.manylinux_2_17_x86_64.whl", hash = "sha256:986e9751d416d7a6eaa2fecdac38da63153d63a4b340ba7d624889c490451500", size = 7159572, upload-time = "2026-09-14T06:58:17.87Z" },
    { url = "https://files.pythonhosted.org/packages/db/f5/42caac81a79ec680f1f7a8eaf7ca90d2f93936ce0c3a073141ba96757f77/grpcio-1.84.0-cp313-cp313-musllinux_1_2_aarch64.whl", hash = "sha256:5933a052946873d01a42119a05420d669bdca436aeba2d1851988ccb12b421c0", size = 7710547, upload-time = "2026-09-14T06:58:20.607Z" },
    { url = "https://files.pythonhosted.org/packages/57/a4/828ad990b2410fee0a55cc73aa1bf98eb5b911c54847374ef4f24b9e877b/grpcio-1.84.0-cp313-cp313-musllinux_1_2_i686.whl", hash = "sha256:e094dd21f077af8194923fc263cad872eaa1802bb0156fd7e5ae18e99cd86715", size = 8761519, upload-time = "2026-09-14T06:58:23.875Z" },
    { url = "https://files.pythonhosted.org/packages/d5/a5/1f91af098919eaf5d80d5a61126ad9fae074e5190c25a3014ce1d8d0d890/grpcio-1.84.0-cp313-cp313-musllinux_1_2_x86_64.whl", hash = "sha256:08735e3d08d24ab3132cf87e2e5dea8746cabcc7d676c2b0b7362f195feef9d9", size = 8121424, upload-time = "2026-09-14T06:58:27.006Z" },
    { url = "https://files.pythonhosted.org/packages/8c/8f/77fd4a7a913b636785479922349c4cb98d94d05d15652e556b3ca0df6663/grpcio-1.84.0-cp313-cp313-win32.whl", hash = "sha256:70bb4ce8be0c5606bec259cbd7152374470396413b7863a658a08c849e6b29ff", size = 4477974, upload-time = "2026-09-14T06:58:29.528Z" },
    { url = "https://files.pythonhosted.org/packages/d0/9a/1fa59ddbfc8898e5518d1447e46f771f387f0ed6132ad531395338e51a5c/grpcio-1.84.0-cp313-cp313-win_amd64.whl", hash = "sha256:b61692f0069b3eee2fc8a3a1b7f6c044df9e03fede6ce69b3ca832e1c39f26c5", size = 5255326, upload-time = "2026-09-14T06:58:31.781Z" },
    { url = "https://files.pythonhosted.org/packages/26/6f/e25ca89ca5b0b7b95464c907a5c21a77c0ac8c4ee1dca164c4dd8f153ddb/grpcio-1.84.0-cp314-cp314-linux_armv7l.whl", hash = "sha256:026d757df86c5b7a41de8200b9a2cda454aaa5004cb0c7e3374c66eb82f61499", size = 6428207, upload-time = "2026-09-14T06:58:34.401Z" },
    { url = "https://files.pythonhosted.org/packages/cd/b4/6b76b429f3f9b901cdbc306c81364d708bc957f847a05cbd1046cd2d05d8/grpcio-1.84.0-cp314-cp314-macosx_11_0_universal2.whl", hash = "sha256:3de427b05f244ba2c2a9bdc67e7a6731c8340811524ecc4435466549f8af1d17", size = 12342420, upload-time = "2026-09-14T06:58:37.416Z" },
    { url = "https://files.pythonhosted.org/packages/af/64/ac86d638ba7f73bee0dccb608ba551d4f63adf75151f00d2c43e46d3979e/grpcio-1.84.0-cp314-cp314-manylinux2014_aarch64.manylinux_2_17_aarch64.whl", hash = "sha256:e90e3bdf7b5eac005fef631adae9cafde16f922def207b80a7c46b253c18ad20", size = 6998396, upload-time = "2026-09-14T06:58:40.535Z" },
    { url = "https://files.pythonhosted.org/packages/4a/65/fa12e9ec9d7ebf8cc3e81428fa9e1ca0d30d22d546ce2baa4c64bc917cbc/grpcio-1.84.0-cp314-cp314-manylinux2014_i686.manylinux_2_17_i686.whl", hash = "sha256:e88d304f094f4937bc27ec6a435e218a084168f11ec630c8d5d39b431d08d81d", size = 7757538, upload-time = "2026-09-14T06:58:43.297Z" },
    { url = "https://files.pythonhosted.org/packages/21/d7/94240c7fae121ff1f116dcf04a3b7ee0216a06832c704310363f72638d4c/grpcio-1.84.0-cp314-cp314-manylinux2014_x86_64.manylinux_2_17_x86_64.whl", hash = "sha256:57dc36a5ab0e676f5f6e171de2917fd0aef73f32a9aaf23956bfe19997a30bd1", size = 7161480, upload-time = "2026-09-14T06:58:45.939Z" },
    { url = "https://files.pythonhosted.org/packages/23/c9/7033e95d4b344969818b09185721c7608b47fc2498d97b5e4eec4995dbf3/grpcio-1.84.0-cp314-cp314-musllinux_1_2_aarch64.whl", hash = "sha256:5deda5b4bf62769eb98c119cca43d40e1231e34846b19db5cdea821d446a2253", size = 7720191, upload-time = "2026-09-14T06:58:48.308Z" },
    { url = "https://files.pythonhosted.org/packages/95/22/b45df2deba81d55069076859480bae7109c9eec02bce5515c799530cc2aa/grpcio-1.84.0-cp314-cp314-musllinux_1_2_i686.whl", hash = "sha256:9bab4cf571653a8afffb83ce21aa27b51dfe629b526b7b6adec35491fe1fc2ea", size = 8762792, upload-time = "2026-09-14T06:58:51.068Z" },
    { url = "https://files.pythonhosted.org/packages/de/c4/3e1c3d6155c16b8737cc31d5b477d6cf1fc7cdd10d58320cf0ec9b446f42/grpcio-1.84.0-cp314-cp314-musllinux_1_2_x86_64.whl", hash = "sha256:c5559b492007dc09b4de9b95dab05f0b5e53547aad230cf07e46c7dd017a3be5", size = 8123299, upload-time = "2026-09-14T06:58:54.332Z" },
    { url = "https://files.pythonhosted.org/packages/56/fe/f4864de5b815e5ba18858771f99381a398fac14117f89ef5291ed43d3c4e/grpcio-1.84.0-cp314-cp314-win32.whl", hash = "sha256:2c024da73b296f040b8360e60bd73a659b230093684a438da0e1260f34cc724e", size = 4562560, upload-time = "2026-09-14T06:58:56.894Z" },
    { url = "https://files.pythonhosted.org/packages/44/03/640811d4d8c84f5e603995c5a9bab725223aa472cad9ca4286c3bbf1c3e3/grpcio-1.84.0-cp314-cp314-win_amd64.whl", hash = "sha256:800b7e00d92553313c0463c200087930aa78678ec1d528193aeb50906f55989b", size = 5394092, upload-time = "2026-09-14T06:58:59.61Z" },
    { url = "https://files.pythonhosted.org/packages/4a/1a/9e3d2c9f005f680f03308fa894b1db91d4ab3f0fe65ff630c69561e91e95/grpcio-1.84.0-cp315-cp315-linux_armv7l.whl", hash = "sha256:47ecf0d9b81d981f07b61bd89eced9d2582f5eaacc3aaa36ad27f81aef70a27f", size = 6428252, upload-time = "2026-09-14T06:59:02.597Z" },
    { url = "https://files.pythonhosted.org/packages/77/34/0bc9f52ebf091311651eeab3a452fb557985604a3088cb5406f4d6df85d3/grpcio-1.84.0-cp315-cp315-macosx_10_15_universal2.whl", hash = "sha256:61386101ecaa096b694d0dd278caf99a56aeec78440cc17e918eef0b50f2d567", size = 12359488, upload-time = "2026-09-14T06:59:05.646Z" },
    { url = "https://files.pythonhosted.org/packages/93/0e/c31052712f241cb6ecae9c226fabd519b7f8c64a7a40bac27e9ca0405b78/grpcio-1.84.0-cp315-cp315-manylinux2014_aarch64.manylinux_2_17_aarch64.whl", hash = "sha256:f6d178ba6dc8e82976c184b65fddde172d054c17237993a3e083efe4f134d55b", size = 7019339, upload-time = "2026-09-14T06:59:08.76Z" },
    { url = "https://files.pythonhosted.org/packages/55/b9/b9b33ea4f1eb4cad28833cade604febf357385b5ebb0c9c7562d020e167a/grpcio-1.84.0-cp315-cp315-manylinux2014_i686.manylinux_2_17_i686.whl", hash = "sha256:15bb76489e337fc492685c9758e2fd4d4ab516b901ad830dc5a91987decf00be", size = 7107974, upload-time = "2026-09-14T06:59:11.568Z" },
    { url = "https://files.pythonhosted.org/packages/0e/9e/799d4c45db91bbdcd8c54b3982932dbcf3d059f7ce67dca3e8540faa1ece/grpcio-1.84.0-cp315-cp315-manylinux2014_x86_64.manylinux_2_17_x86_64.whl", hash = "sha256:82da34ae4f639c73ac46e521e00c0a49bf86f717b9fb1f405f133e98731e38dc", size = 7200036, upload-time = "2026-09-14T06:59:14.401Z" },
    { url = "https://files.pythonhosted.org/packages/45/dc/dcfdd13ada41aff9098f0c2c6f260eb7debbc88b84b7e5fcbd085165427d/grpcio-1.84.0-cp315-cp315-musllinux_1_2_aarch64.whl", hash = "sha256:9b73836ba0e16fcbb57c31cf6cbc2907c8d8c790b83679df454b74bd15e0be04", size = 7742281, upload-time = "2026-09-14T06:59:17.348Z" },
    { url = "https://files.pythonhosted.org/packages/55/31/75eab2ec77b80804bc5e21cec99b57598e726fca6484cd3e8920a97639d5/grpcio-1.84.0-cp315-cp315-musllinux_1_2_i686.whl", hash = "sha256:42959bd50dd660ffc3f2a9bec15a6da4f9aaa0dda555d59ff2d2e80b908456a8", size = 8113629, upload-time = "2026-09-14T06:59:20.584Z" },
    { url = "https://files.pythonhosted.org/packages/34/f0/fdcf6bdc1df9ca11679a1187bef8e6b81df31a2baae69497e17344f05ea3/grpcio-1.84.0-cp315-cp315-musllinux_1_2_x86_64.whl", hash = "sha256:659728f20fc7a0933ed7b1945435e31014b97ab8a5a7edcbaa70da4794aeb191", size = 8152972, upload-time = "2026-09-14T06:59:24.523Z" },
    { url = "https://files.pythonhosted.org/packages/5c/cf/6720e720bfa80fcb1ace873f66724eb3c8b03bba2fa078a30c12cab3212e/grpcio-1.84.0-cp315-cp315-win32.whl", hash = "sha256:edb6f87fc60ff438557291501b3e16c7a77c3b01a52d782cf276dccc7c5dd89c", size = 4561981, upload-time = "2026-09-14T06:59:27.275Z" },
    { url = "https://files.pythonhosted.org/packages/7f/b9/69d8a709df225bc2e06e028e9465166b174c24b3da07cc72d9a5ddc63194/grpcio-1.84.0-cp315-cp315-win_amd64.whl", hash = "sha256:4119efa6519871719ad81f33bc95ab87857dcb1c5801f30a6e592f2c41164169", size = 5394757, upload-time = "2026-09-14T06:59:30.118Z" },
]

[[package]]
name = "grpcio-health-checking"
version = "1.84.0"
source = { registry = "https://pypi.org/simple" }
dependencies = [
    { name = "grpcio" },
    { name = "protobuf" },
]
sdist = { url = "https://files.pythonhosted.org/packages/4e/92/a8c62e9ab04957fe06e272244ed3d7a6780aacd3b72d9d723309ffbe5e9a/grpcio_health_checking-1.84.0.tar.gz", hash = "sha256:c69ea3775a5f90cd094f294859dfd0150a560f7101a8936bf7b4e08b7186a14e", size = 17089, upload-time = "2026-09-14T07:10:24.092Z" }
wheels = [
    { url = "https://files.pythonhosted.org/packages/1a/7c/4eb98f1e644b95704ac97693995a8158bd43c3c4030b63c9e980dab7bacb/grpcio_health_checking-1.84.0-py3-none-any.whl", hash = "sha256:3eab9b688e5e09bd1d584c296d3440358f11817388db87b807edd61f45b464d1", size = 19088, upload-time = "2026-09-14T07:09:00.21Z" },
]

[[package]]
name = "grpcio-reflection"
version = "1.84.0"
source = { registry = "https://pypi.org/simple" }
dependencies = [
    { name = "grpcio" },
    { name = "protobuf" },
]
sdist = { url = "https://files.pythonhosted.org/packages/6e/8a/94af17ae0738cc4508af96d5f107f352e2b54473eecf32f0ed9bcdd895da/grpcio_reflection-1.84.0.tar.gz", hash = "sha256:06bf3d7d8cef9afbcc721ee52191652b4483831774255e174404b0e0551741bc", size = 19321, upload-time = "2026-09-14T07:10:28.58Z" }
wheels = [
    { url = "https://files.pythonhosted.org/packages/47/8b/f07f5aa8ee2b2bd060c0100a581ab68a9b501a927fcf97b1855e40b7bd7c/grpcio_reflection-1.84.0-py3-none-any.whl", hash = "sha256:148b382a1a5621496ede90b12b97c868bb94f7bb8e23b18fc03ed32edd5447cb", size = 22986, upload-time = "2026-09-14T07:10:14.038Z" },
]

[[package]]
name = "import-linter"
version = "2.15"
source = { registry = "https://pypi.org/simple" }
dependencies = [
    { name = "click" },
    { name = "grimp" },
    { name = "rich" },
    { name = "typing-extensions" },
]
sdist = { url = "https://files.pythonhosted.org/packages/3c/81/1bb414f8c8bcd024499e91f112d317c36a86bc264da1fd43f9797fc2b7b0/import_linter-2.15.tar.gz", hash = "sha256:1da912bea5e172a82a3ce617b5543f75cf64dc0d8f4d9b46c5578b68ccb81590", size = 1405973, upload-time = "2026-09-04T14:47:56.097Z" }
wheels = [
    { url = "https://files.pythonhosted.org/packages/08/31/4571c20652a4002ed9e500046386f3731a77e23d95a608ae8a87f1fbb2da/import_linter-2.15-py3-none-any.whl", hash = "sha256:9aaf16a88ac1e99d5a464cd7f66b6a05f7060bfa761162e0ed441773a267ed3b", size = 640512, upload-time = "2026-09-04T14:47:54.878Z" },
]

[[package]]
name = "iniconfig"
version = "2.3.0"
source = { registry = "https://pypi.org/simple" }
sdist = { url = "https://files.pythonhosted.org/packages/72/34/14ca021ce8e5dfedc35312d08ba8bf51fdd999c576889fc2c24cb97f4f10/iniconfig-2.3.0.tar.gz", hash = "sha256:c76315c77db068650d49c5b56314774a7804df16fee4402c1f19d6d15d8c4730", size = 20503, upload-time = "2025-10-18T21:55:43.219Z" }
wheels = [
    { url = "https://files.pythonhosted.org/packages/cb/b1/3846dd7f199d53cb17f49cba7e651e9ce294d8497c8c150530ed11865bb8/iniconfig-2.3.0-py3-none-any.whl", hash = "sha256:f631c04d2c48c52b84d0d0549c99ff3859c98df65b3101406327ecc7d53fbf12", size = 7484, upload-time = "2025-10-18T21:55:41.639Z" },
]

[[package]]
name = "markdown-it-py"
version = "4.2.0"
source = { registry = "https://pypi.org/simple" }
dependencies = [
    { name = "mdurl" },
]
sdist = { url = "https://files.pythonhosted.org/packages/06/ff/7841249c247aa650a76b9ee4bbaeae59370dc8bfd2f6c01f3630c35eb134/markdown_it_py-4.2.0.tar.gz", hash = "sha256:04a21681d6fbb623de53f6f364d352309d4094dd4194040a10fd51833e418d49", size = 82454, upload-time = "2026-05-07T12:08:28.36Z" }
wheels = [
    { url = "https://files.pythonhosted.org/packages/b3/81/4da04ced5a082363ecfa159c010d200ecbd959ae410c10c0264a38cac0f5/markdown_it_py-4.2.0-py3-none-any.whl", hash = "sha256:9f7ebbcd14fe59494226453aed97c1070d83f8d24b6fc3a3bcf9a38092641c4a", size = 91687, upload-time = "2026-05-07T12:08:27.182Z" },
]

[[package]]
name = "mdurl"
version = "0.1.2"
source = { registry = "https://pypi.org/simple" }
sdist = { url = "https://files.pythonhosted.org/packages/d6/54/cfe61301667036ec958cb99bd3efefba235e65cdeb9c84d24a8293ba1d90/mdurl-0.1.2.tar.gz", hash = "sha256:bb413d29f5eea38f31dd4754dd7377d4465116fb207585f97bf925588687c1ba", size = 8729, upload-time = "2022-08-14T12:40:10.846Z" }
wheels = [
    { url = "https://files.pythonhosted.org/packages/b3/38/89ba8ad64ae25be8de66a6d463314cf1eb366222074cfda9ee839c56a4b4/mdurl-0.1.2-py3-none-any.whl", hash = "sha256:84008a41e51615a49fc9966191ff91509e3c40b939176e643fd50a5c2196b8f8", size = 9979, upload-time = "2022-08-14T12:40:09.779Z" },
]

[[package]]
name = "packaging"
version = "26.3"
source = { registry = "https://pypi.org/simple" }
sdist = { url = "https://files.pythonhosted.org/packages/7d/fa/3944b40b07da9ce895c0e6303a5ab7d53da063554f534556b134a54d6093/packaging-26.3.tar.gz", hash = "sha256:94edc256424af38762eb31306eed28beb9f0efc50a8837492c9d6fd6004aed79", size = 313412, upload-time = "2026-08-04T18:15:28.737Z" }
wheels = [
    { url = "https://files.pythonhosted.org/packages/63/34/ba1c580383c9eada3711951fef0795c80b829a078d72188184bcab9dd527/packaging-26.3-py3-none-any.whl", hash = "sha256:d7193f7c8e4e93f444fde0262bf90af30e16fa0ad0ad44cb553c87339b23cd1c", size = 129956, upload-time = "2026-08-04T18:15:27.159Z" },
]

[[package]]
name = "pluggy"
version = "1.6.0"
source = { registry = "https://pypi.org/simple" }
sdist = { url = "https://files.pythonhosted.org/packages/f9/e2/3e91f31a7d2b083fe6ef3fa267035b518369d9511ffab804f839851d2779/pluggy-1.6.0.tar.gz", hash = "sha256:7dcc130b76258d33b90f61b658791dede3486c3e6bfb003ee5c9bfb396dd22f3", size = 69412, upload-time = "2025-05-15T12:30:07.975Z" }
wheels = [
    { url = "https://files.pythonhosted.org/packages/54/20/4d324d65cc6d9205fabedc306948156824eb9f0ee1633355a8f7ec5c66bf/pluggy-1.6.0-py3-none-any.whl", hash = "sha256:e920276dd6813095e9377c0bc5566d94c932c33b27a3e3945d8389c374dd4746", size = 20538, upload-time = "2025-05-15T12:30:06.134Z" },
]

[[package]]
name = "protobuf"
version = "7.36.2"
source = { registry = "https://pypi.org/simple" }
sdist = { url = "https://files.pythonhosted.org/packages/d9/89/5b8517baa72f84a67b8a307ba953c91057af618bf40bf676f3c03551f8f0/protobuf-7.36.2.tar.gz", hash = "sha256:497d0463ff3316681da6c0b9e8d06cb465d61abce00b613ab42226175644d1bb", size = 512737, upload-time = "2026-09-17T20:07:59.326Z" }
wheels = [
    { url = "https://files.pythonhosted.org/packages/32/72/98342feb672507c8f3a69e34b4fa8961f608edba5c1a48a6f47156d92cb5/protobuf-7.36.2-cp310-abi3-macosx_10_9_universal2.whl", hash = "sha256:cbc70b17ee27e28894c7fee8bb04be1abead49e936bc70eb60052531eee2079e", size = 456039, upload-time = "2026-09-17T20:07:51.542Z" },
    { url = "https://files.pythonhosted.org/packages/b6/ea/91fdf7c2b8bbd49cde056f00a9df6773532987e1c00fe2830b895af95c7e/protobuf-7.36.2-cp310-abi3-manylinux2014_aarch64.whl", hash = "sha256:e11e1f0180583a2af89db6a2ecd9e8dc40aa6d2988ca175bfd0e6d12ea72d74e", size = 344219, upload-time = "2026-09-17T20:07:52.914Z" },
    { url = "https://files.pythonhosted.org/packages/17/ab/5fd5f8ece73fad885c5a09aa849b32d70472f954ba3a92d3bb5974ea953b/protobuf-7.36.2-cp310-abi3-manylinux2014_s390x.whl", hash = "sha256:f4fee11ec330d238b34a05c9b675f693c20415d1c5bd7d5320cc2f8a798eb9cf", size = 357223, upload-time = "2026-09-17T20:07:53.985Z" },
    { url = "https://files.pythonhosted.org/packages/db/f3/3996583dd2906297a637af12114deddf7658af6e683fedb83be061983fb5/protobuf-7.36.2-cp310-abi3-manylinux2014_x86_64.whl", hash = "sha256:89f23aa53c24553a2416fd4fd1ec06f74fa42b14b546d8883128813f775bbfd2", size = 343223, upload-time = "2026-09-17T20:07:54.931Z" },
    { url = "https://files.pythonhosted.org/packages/fc/1b/dcc64f358fcb51811b58ae40b3d28f820725f116d86487cc20bd4b130701/protobuf-7.36.2-cp310-abi3-win32.whl", hash = "sha256:912c1221170e16c08d1f086762f563dd61ff83c18b5fa6652952dfaded66f728", size = 442998, upload-time = "2026-09-17T20:07:55.826Z" },
    { url = "https://files.pythonhosted.org/packages/8a/55/b77bda4e5e5f5971fb51b07663694690e9afdb9402136c16a522bd621cad/protobuf-7.36.2-cp310-abi3-win_amd64.whl", hash = "sha256:a300819d441e078a5608c0d3c709796bb548136058fda017ae51d425b44fd353", size = 456514, upload-time = "2026-09-17T20:07:57.188Z" },
    { url = "https://files.pythonhosted.org/packages/e4/04/d52c7016b04b6c5108f26691f9d33ec82a9b65d041f1a9c771137693d618/protobuf-7.36.2-py3-none-any.whl", hash = "sha256:bdb3a345d48db958e6ce1f18e508beb0cc981d64f24088427549c866cd039f1e", size = 179806, upload-time = "2026-09-17T20:07:58.211Z" },
]

[[package]]
name = "pygments"
version = "2.21.0"
source = { registry = "https://pypi.org/simple" }
sdist = { url = "https://files.pythonhosted.org/packages/49/2e/ced460408999b33da6b31b0021b0f37d329e202d4169aeb164493778f25b/pygments-2.21.0.tar.gz", hash = "sha256:610ca751c9bc2492b38eb9a38a7fbc93edbbb2d7182edaf34e66ae493dee5c8c", size = 5005329, upload-time = "2026-08-17T08:02:48.824Z" }
wheels = [
    { url = "https://files.pythonhosted.org/packages/71/46/17f022dd3e953bf20a04a028a21ec746d942f8d2af30fa0f124fa0e6a684/pygments-2.21.0-py3-none-any.whl", hash = "sha256:2363c69b61c4a97c838da3b130dcd6468f4848992b21a82f2a63ec34377137d9", size = 1250147, upload-time = "2026-08-17T08:02:44.912Z" },
]

[[package]]
name = "pytest"
version = "9.1.1"
source = { registry = "https://pypi.org/simple" }
dependencies = [
    { name = "colorama", marker = "sys_platform == 'win32'" },
    { name = "iniconfig" },
    { name = "packaging" },
    { name = "pluggy" },
    { name = "pygments" },
]
sdist = { url = "https://files.pythonhosted.org/packages/e4/47/b9efed96c114afcfa3c9d3fe98a76a1d14c74a9e266d397cf6eb64be5e01/pytest-9.1.1.tar.gz", hash = "sha256:1088fbde8f2b49d95a549a195707afa7a76a3ce9bcadc26b6d71f0ffda5fe313", size = 1636369, upload-time = "2026-06-19T10:58:32.857Z" }
wheels = [
    { url = "https://files.pythonhosted.org/packages/24/25/1de2678b631f5a49215c6c96fff41ba892b0a34df68d6d80292b1b48aa7f/pytest-9.1.1-py3-none-any.whl", hash = "sha256:37a86b45efb9a47a61a36449063e8e18d0cab3161329fc099eb21783169c4f0c", size = 386536, upload-time = "2026-06-19T10:58:31.347Z" },
]

[[package]]
name = "rich"
version = "15.0.0"
source = { registry = "https://pypi.org/simple" }
dependencies = [
    { name = "markdown-it-py" },
    { name = "pygments" },
]
sdist = { url = "https://files.pythonhosted.org/packages/c0/8f/0722ca900cc807c13a6a0c696dacf35430f72e0ec571c4275d2371fca3e9/rich-15.0.0.tar.gz", hash = "sha256:edd07a4824c6b40189fb7ac9bc4c52536e9780fbbfbddf6f1e2502c31b068c36", size = 230680, upload-time = "2026-04-12T08:24:00.75Z" }
wheels = [
    { url = "https://files.pythonhosted.org/packages/82/3b/64d4899d73f91ba49a8c18a8ff3f0ea8f1c1d75481760df8c68ef5235bf5/rich-15.0.0-py3-none-any.whl", hash = "sha256:33bd4ef74232fb73fe9279a257718407f169c09b78a87ad3d296f548e27de0bb", size = 310654, upload-time = "2026-04-12T08:24:02.83Z" },
]

[[package]]
name = "ruff"
version = "0.16.8"
source = { registry = "https://pypi.org/simple" }
sdist = { url = "https://files.pythonhosted.org/packages/ba/78/449cb84790bd5cc3823b2652ee405a4558856e5c4195aee3a16bf7b3eb5d/ruff-0.16.8.tar.gz", hash = "sha256:9247bf92b5f04d825c8639a4fe423ec2e4222acd9222e58412b0dab7e442798b", size = 4938814, upload-time = "2026-09-16T15:54:46.688Z" }
wheels = [
    { url = "https://files.pythonhosted.org/packages/ac/25/6071aabc530e9be7e2c195e8fe3f7aea2735405b6cf447212832d7811831/ruff-0.16.8-py3-none-linux_armv6l.whl", hash = "sha256:6ffbd6d87383c1edf5f6fa890f10200950240d7c1a16052a19a09d3a2307dd38", size = 10048966, upload-time = "2026-09-16T15:53:57.605Z" },
    { url = "https://files.pythonhosted.org/packages/54/98/07f90ecbc74dd5fb5764f11f2bc774d6a7cffef92d2ff5f5b4e9e23c754e/ruff-0.16.8-py3-none-macosx_10_12_x86_64.whl", hash = "sha256:42ed6b878ed61e3acca92f2730a17acff39286944ea82398544696366a6f925e", size = 10165498, upload-time = "2026-09-16T15:54:01.14Z" },
    { url = "https://files.pythonhosted.org/packages/fe/1f/e6a712e3b47cad4a40600134105ed193cb773f618a42eb7ba323cb812cc0/ruff-0.16.8-py3-none-macosx_11_0_arm64.whl", hash = "sha256:7ea781c7f2afba8c6a505ea0fb3f994020249e0c450635f5381286fea6b46170", size = 9830004, upload-time = "2026-09-16T15:54:03.998Z" },
    { url = "https://files.pythonhosted.org/packages/23/f2/311a08776d75d81c7676e20b6b020ae63cbe881fcdc7a8dd64e6e18bdd93/ruff-0.16.8-py3-none-manylinux_2_17_aarch64.manylinux2014_aarch64.whl", hash = "sha256:8efeae3bbe414a5efefda11a792dfb51ef90ac48d50c4830de2f644caf3e8659", size = 9986558, upload-time = "2026-09-16T15:54:06.804Z" },
    { url = "https://files.pythonhosted.org/packages/f3/ed/37b6cb3d3ba8c73e68ae3eb1d502383beb5aa05a582bb7bb3a922f929f54/ruff-0.16.8-py3-none-manylinux_2_17_armv7l.manylinux2014_armv7l.whl", hash = "sha256:3a79b795469fef7fc6e908b218eed2eb17332afd85031db6480dc864560e69b2", size = 9877332, upload-time = "2026-09-16T15:54:09.552Z" },
    { url = "https://files.pythonhosted.org/packages/22/cc/40873a8f36ad084cc540d55fcca7077264d5b13b24659e9180c176fb2b08/ruff-0.16.8-py3-none-manylinux_2_17_i686.manylinux2014_i686.whl", hash = "sha256:3fdc5563cdc50555e6fba39322850860e9267c1b3d12c26a74729d8604c3c812", size = 10507125, upload-time = "2026-09-16T15:54:12.152Z" },
    { url = "https://files.pythonhosted.org/packages/c3/e4/fc91a642b78ccbab6b9477720f3644ae7a10a9bcce69a934679cd64f62bc/ruff-0.16.8-py3-none-manylinux_2_17_ppc64le.manylinux2014_ppc64le.whl", hash = "sha256:34508983c70665578dab88f5223d8e6228307e1135398ca8bfc8b7e9501e282b", size = 11336694, upload-time = "2026-09-16T15:54:15.489Z" },
    { url = "https://files.pythonhosted.org/packages/c2/3d/bbd2a9a600a4e73dc3e7548a249c8d1671273464b55822c6fae50f602dff/ruff-0.16.8-py3-none-manylinux_2_17_s390x.manylinux2014_s390x.whl", hash = "sha256:644bb578569e0ffc575741232bd385dacdd6fbe123f1a729e7a225f54aa3957f", size = 10774448, upload-time = "2026-09-16T15:54:18.16Z" },
    { url = "https://files.pythonhosted.org/packages/1a/41/d83af9879a7b6e8bf5fe16b1da0b134049d2f5d3afac12defb0897cb84bd/ruff-0.16.8-py3-none-manylinux_2_17_x86_64.manylinux2014_x86_64.whl", hash = "sha256:15e7d226246961db9235098333caa13063906d3851136b84c2900b82f5daa1df", size = 10323796, upload-time = "2026-09-16T15:54:20.743Z" },
    { url = "https://files.pythonhosted.org/packages/f5/2c/cefd07bfe914b84943ea769ade8d607bd22750b965d3228eefd7cebd15d0/ruff-0.16.8-py3-none-manylinux_2_31_riscv64.whl", hash = "sha256:a2bf6bc3e9ebdd4449abc6f06cf64b98051a2c61cf94d2fe9596518c881f1a1e", size = 10514115, upload-time = "2026-09-16T15:54:23.497Z" },
    { url = "https://files.pythonhosted.org/packages/f3/9d/76a2e26c79a23be6e6e3664c57bec9e9fc8de155cfb9e4b67ea91b64f9d7/ruff-0.16.8-py3-none-musllinux_1_2_aarch64.whl", hash = "sha256:6ca111ba0849539165e9e59d2b442542f3c1e8060ebbdea82494f1ffbccb1e1f", size = 10072582, upload-time = "2026-09-16T15:54:26.185Z" },
    { url = "https://files.pythonhosted.org/packages/2e/d4/f42edddb39668af1a559ceafa3823aedd65633a48dc9768e775485faa2c1/ruff-0.16.8-py3-none-musllinux_1_2_armv7l.whl", hash = "sha256:359a1e5b495448ee1e91018064382ebc86f90e8aac2fed222c7d0e4e8df85fd2", size = 9879644, upload-time = "2026-09-16T15:54:29.278Z" },
    { url = "https://files.pythonhosted.org/packages/f8/d4/913e3195d95e0378786c6656945c865f534a3560e29139da4882aff630d1/ruff-0.16.8-py3-none-musllinux_1_2_i686.whl", hash = "sha256:59e8f5681349474110b24d62e93cfda6593f5fa3473446ca3705200cac1a08b9", size = 10231569, upload-time = "2026-09-16T15:54:32.036Z" },
    { url = "https://files.pythonhosted.org/packages/2b/c4/8aa6ea0bdcedbd1bf87397e2fc4ed8406448ea5842f8660bc6e5f163039d/ruff-0.16.8-py3-none-musllinux_1_2_x86_64.whl", hash = "sha256:efa3e7a16d1baaa79957888dfdf8be9ef2e44db81cb032af06d76632ab59e773", size = 10663666, upload-time = "2026-09-16T15:54:34.838Z" },
    { url = "https://files.pythonhosted.org/packages/3d/02/7f10ef4700bc223c30a3fdd10631a29830c45524b810a3c7ed947af64591/ruff-0.16.8-py3-none-win32.whl", hash = "sha256:55793ba85c69921e89be061426d91a78652d6e50317c962240922747a4eb713f", size = 10093472, upload-time = "2026-09-16T15:54:37.47Z" },
    { url = "https://files.pythonhosted.org/packages/1e/5d/a509c07d714b6da88f2c518b4637cf6f1d46b074be8f0f1e5fb9ff5126fe/ruff-0.16.8-py3-none-win_amd64.whl", hash = "sha256:a6b85621fd3c81e31fc5f5add09c9c078b430db3595ca632efafdec9e64ebfaa", size = 10586899, upload-time = "2026-09-16T15:54:40.488Z" },
    { url = "https://files.pythonhosted.org/packages/fe/a0/50787329e4f20bf9dc9f6230015d46ec69c51a97ace5bc202dae4755365d/ruff-0.16.8-py3-none-win_arm64.whl", hash = "sha256:d075e820af612102ce217f07cc93e69f9490b10ec13ea85fa87bd03d996cef8a", size = 10386316, upload-time = "2026-09-16T15:54:43.332Z" },
]

[[package]]
name = "telegram-service"
version = "0.1.0"
source = { editable = "telegram" }
dependencies = [
    { name = "desigram-common" },
]

[package.metadata]
requires-dist = [{ name = "desigram-common", editable = "common" }]

[[package]]
name = "typing-extensions"
version = "4.16.0"
source = { registry = "https://pypi.org/simple" }
sdist = { url = "https://files.pythonhosted.org/packages/f6/cc/6253133b5bb138fc3306cebfbda2c520f545d36b5be2c7255cc528bb45d6/typing_extensions-4.16.0.tar.gz", hash = "sha256:dc983d19a509c94dba722ee6abd33940f7c05a89e243c47e907eb4db6f1a43e5", size = 113555, upload-time = "2026-07-02T08:40:05.92Z" }
wheels = [
    { url = "https://files.pythonhosted.org/packages/49/d3/b8441a820a491ddfc024b0b0cf0393375b75ea13866d9c66727e54c2fc80/typing_extensions-4.16.0-py3-none-any.whl", hash = "sha256:481caa481374e813c1b176ada14e97f1f67a4539ce9cfeb3f350d78d6370c2e8", size = 45571, upload-time = "2026-07-02T08:40:04.659Z" },
]
